<Solution>
	<Folder Name="/playground/">
		<Project Path="playground/Template.Client/Template.Client.csproj" />
		<Project Path="playground/Template.Data/Template.Data.csproj" />
		<Project Path="playground/Template.Server/Template.Server.csproj" />
	</Folder>
	<Folder Name="/src/">
		<Project Path="src/Sienar.Core.Blazor/Sienar.Core.Blazor.csproj" />
		<Project Path="src/Sienar.Core/Sienar.Core.csproj" />
		<Project Path="src/Sienar.Plugins.Identity/Sienar.Plugins.Identity.csproj" />
		<Project Path="src/Sienar.EntityFramework/Sienar.EntityFramework.csproj" />
		<Project Path="src/Sienar.Plugins.Mvc/Sienar.Plugins.Mvc.csproj" />
		<Project Path="src/Sienar.Plugins.Wasm.Client/Sienar.Plugins.Wasm.Client.csproj" />
		<Project Path="src/Sienar.Plugins.Wasm.Server/Sienar.Plugins.Wasm.Server.csproj" />
		<Project Path="src/Sienar.React/Sienar.React.csproj" />
	</Folder>
</Solution>
