<Solution>
	<Folder Name="/playground/">
		<Project Path="playground/Template.Data/Template.Data.csproj" />
		<Project Path="playground/Template.RazorPages/Template.RazorPages.csproj" />
	</Folder>
	<Folder Name="/src/">
		<Project Path="src/Sienar.Core/Sienar.Core.csproj" />
		<Project Path="src/Sienar.Plugins.Identity/Sienar.Plugins.Identity.csproj" />
		<Project Path="src/Sienar.EntityFramework/Sienar.EntityFramework.csproj" />
		<Project Path="src/Sienar.Plugins.Mvc/Sienar.Plugins.Mvc.csproj" />
	</Folder>
</Solution>
